// !$*UTF8*$!
{
	archiveVersion = 1;
	classes = {
	};
	objectVersion = 55;
	objects = {

/* Begin PBXBuildFile section */
		0C3C36A12811A81900A28F2A /* ProfileViewController.swift in Sources */ = {isa = PBXBuildFile; fileRef = 0C3C36A02811A81900A28F2A /* ProfileViewController.swift */; };
		0C3C36A62811AB2400A28F2A /* ImagesCollectionViewCell.swift in Sources */ = {isa = PBXBuildFile; fileRef = 0C3C36A52811AB2400A28F2A /* ImagesCollectionViewCell.swift */; };
		0C3C36A82811AB3C00A28F2A /* ImagesModelCell.swift in Sources */ = {isa = PBXBuildFile; fileRef = 0C3C36A72811AB3C00A28F2A /* ImagesModelCell.swift */; };
		0C3C36AA2811ACBA00A28F2A /* ImagesCollectionView.swift in Sources */ = {isa = PBXBuildFile; fileRef = 0C3C36A92811ACBA00A28F2A /* ImagesCollectionView.swift */; };
		0C4EEDE8280F33B400FC3DD4 /* LoginModel.swift in Sources */ = {isa = PBXBuildFile; fileRef = 0C4EEDE7280F33B400FC3DD4 /* LoginModel.swift */; };
		0C4EEDEB280F3DAA00FC3DD4 /* LoginView.swift in Sources */ = {isa = PBXBuildFile; fileRef = 0C4EEDEA280F3DAA00FC3DD4 /* LoginView.swift */; };
		0C65F747281088F10086878F /* BottomCollectionView.swift in Sources */ = {isa = PBXBuildFile; fileRef = 0C65F746281088F10086878F /* BottomCollectionView.swift */; };
		0C65F749281089030086878F /* BottomCollectionViewCell.swift in Sources */ = {isa = PBXBuildFile; fileRef = 0C65F748281089030086878F /* BottomCollectionViewCell.swift */; };
		0C65F74B281089190086878F /* BottomCellModel.swift in Sources */ = {isa = PBXBuildFile; fileRef = 0C65F74A281089190086878F /* BottomCellModel.swift */; };
		0C8B3F84280C948400F27C11 /* LoginViewController.swift in Sources */ = {isa = PBXBuildFile; fileRef = 0C8B3F83280C948400F27C11 /* LoginViewController.swift */; };
		0C9D78A62816F7B000BE38E2 /* TabBarViewController.swift in Sources */ = {isa = PBXBuildFile; fileRef = 0C9D78A52816F7B000BE38E2 /* TabBarViewController.swift */; };
		0CC4526C2810443400532422 /* HomeCollectionView.swift in Sources */ = {isa = PBXBuildFile; fileRef = 0CC4526B2810443400532422 /* HomeCollectionView.swift */; };
		0CC4526E2810447800532422 /* HomeCollectionViewCell.swift in Sources */ = {isa = PBXBuildFile; fileRef = 0CC4526D2810447800532422 /* HomeCollectionViewCell.swift */; };
		0CC452702810449200532422 /* HomeCellModel.swift in Sources */ = {isa = PBXBuildFile; fileRef = 0CC4526F2810449200532422 /* HomeCellModel.swift */; };
		0CC45272281044E300532422 /* HomeViewController.swift in Sources */ = {isa = PBXBuildFile; fileRef = 0CC45271281044E300532422 /* HomeViewController.swift */; };
		0CD92BC528088F49009B8DA8 /* AppDelegate.swift in Sources */ = {isa = PBXBuildFile; fileRef = 0CD92BC428088F49009B8DA8 /* AppDelegate.swift */; };
		0CD92BC728088F49009B8DA8 /* SceneDelegate.swift in Sources */ = {isa = PBXBuildFile; fileRef = 0CD92BC628088F49009B8DA8 /* SceneDelegate.swift */; };
		0CD92BC928088F49009B8DA8 /* MainController.swift in Sources */ = {isa = PBXBuildFile; fileRef = 0CD92BC828088F49009B8DA8 /* MainController.swift */; };
		0CD92BCC28088F49009B8DA8 /* Main.storyboard in Resources */ = {isa = PBXBuildFile; fileRef = 0CD92BCA28088F49009B8DA8 /* Main.storyboard */; };
		0CD92BCE28088F4A009B8DA8 /* Assets.xcassets in Resources */ = {isa = PBXBuildFile; fileRef = 0CD92BCD28088F4A009B8DA8 /* Assets.xcassets */; };
		0CD92BD128088F4A009B8DA8 /* LaunchScreen.storyboard in Resources */ = {isa = PBXBuildFile; fileRef = 0CD92BCF28088F4A009B8DA8 /* LaunchScreen.storyboard */; };
/* End PBXBuildFile section */

/* Begin PBXFileReference section */
		0C3C36A02811A81900A28F2A /* ProfileViewController.swift */ = {isa = PBXFileReference; lastKnownFileType = sourcecode.swift; path = ProfileViewController.swift; sourceTree = "<group>"; };
		0C3C36A52811AB2400A28F2A /* ImagesCollectionViewCell.swift */ = {isa = PBXFileReference; lastKnownFileType = sourcecode.swift; path = ImagesCollectionViewCell.swift; sourceTree = "<group>"; };
		0C3C36A72811AB3C00A28F2A /* ImagesModelCell.swift */ = {isa = PBXFileReference; lastKnownFileType = sourcecode.swift; path = ImagesModelCell.swift; sourceTree = "<group>"; };
		0C3C36A92811ACBA00A28F2A /* ImagesCollectionView.swift */ = {isa = PBXFileReference; lastKnownFileType = sourcecode.swift; path = ImagesCollectionView.swift; sourceTree = "<group>"; };
		0C4EEDE7280F33B400FC3DD4 /* LoginModel.swift */ = {isa = PBXFileReference; lastKnownFileType = sourcecode.swift; path = LoginModel.swift; sourceTree = "<group>"; };
		0C4EEDEA280F3DAA00FC3DD4 /* LoginView.swift */ = {isa = PBXFileReference; lastKnownFileType = sourcecode.swift; path = LoginView.swift; sourceTree = "<group>"; };
		0C65F746281088F10086878F /* BottomCollectionView.swift */ = {isa = PBXFileReference; lastKnownFileType = sourcecode.swift; path = BottomCollectionView.swift; sourceTree = "<group>"; };
		0C65F748281089030086878F /* BottomCollectionViewCell.swift */ = {isa = PBXFileReference; lastKnownFileType = sourcecode.swift; path = BottomCollectionViewCell.swift; sourceTree = "<group>"; };
		0C65F74A281089190086878F /* BottomCellModel.swift */ = {isa = PBXFileReference; lastKnownFileType = sourcecode.swift; path = BottomCellModel.swift; sourceTree = "<group>"; };
		0C8B3F83280C948400F27C11 /* LoginViewController.swift */ = {isa = PBXFileReference; lastKnownFileType = sourcecode.swift; path = LoginViewController.swift; sourceTree = "<group>"; };
		0C9D78A52816F7B000BE38E2 /* TabBarViewController.swift */ = {isa = PBXFileReference; lastKnownFileType = sourcecode.swift; path = TabBarViewController.swift; sourceTree = "<group>"; };
		0CC4526B2810443400532422 /* HomeCollectionView.swift */ = {isa = PBXFileReference; lastKnownFileType = sourcecode.swift; path = HomeCollectionView.swift; sourceTree = "<group>"; };
		0CC4526D2810447800532422 /* HomeCollectionViewCell.swift */ = {isa = PBXFileReference; lastKnownFileType = sourcecode.swift; path = HomeCollectionViewCell.swift; sourceTree = "<group>"; };
		0CC4526F2810449200532422 /* HomeCellModel.swift */ = {isa = PBXFileReference; lastKnownFileType = sourcecode.swift; path = HomeCellModel.swift; sourceTree = "<group>"; };
		0CC45271281044E300532422 /* HomeViewController.swift */ = {isa = PBXFileReference; lastKnownFileType = sourcecode.swift; path = HomeViewController.swift; sourceTree = "<group>"; };
		0CD92BC128088F49009B8DA8 /* RelaxApp.app */ = {isa = PBXFileReference; explicitFileType = wrapper.application; includeInIndex = 0; path = RelaxApp.app; sourceTree = BUILT_PRODUCTS_DIR; };
		0CD92BC428088F49009B8DA8 /* AppDelegate.swift */ = {isa = PBXFileReference; lastKnownFileType = sourcecode.swift; path = AppDelegate.swift; sourceTree = "<group>"; };
		0CD92BC628088F49009B8DA8 /* SceneDelegate.swift */ = {isa = PBXFileReference; lastKnownFileType = sourcecode.swift; path = SceneDelegate.swift; sourceTree = "<group>"; };
		0CD92BC828088F49009B8DA8 /* MainController.swift */ = {isa = PBXFileReference; lastKnownFileType = sourcecode.swift; path = MainController.swift; sourceTree = "<group>"; };
		0CD92BCB28088F49009B8DA8 /* Base */ = {isa = PBXFileReference; lastKnownFileType = file.storyboard; name = Base; path = Base.lproj/Main.storyboard; sourceTree = "<group>"; };
		0CD92BCD28088F4A009B8DA8 /* Assets.xcassets */ = {isa = PBXFileReference; lastKnownFileType = folder.assetcatalog; path = Assets.xcassets; sourceTree = "<group>"; };
		0CD92BD028088F4A009B8DA8 /* Base */ = {isa = PBXFileReference; lastKnownFileType = file.storyboard; name = Base; path = Base.lproj/LaunchScreen.storyboard; sourceTree = "<group>"; };
		0CD92BD228088F4A009B8DA8 /* Info.plist */ = {isa = PBXFileReference; lastKnownFileType = text.plist.xml; path = Info.plist; sourceTree = "<group>"; };
/* End PBXFileReference section */

/* Begin PBXFrameworksBuildPhase section */
		0CD92BBE28088F49009B8DA8 /* Frameworks */ = {
			isa = PBXFrameworksBuildPhase;
			buildActionMask = 2147483647;
			files = (
			);
			runOnlyForDeploymentPostprocessing = 0;
		};
/* End PBXFrameworksBuildPhase section */

/* Begin PBXGroup section */
		0C3C369F2811A80100A28F2A /* Profile */ = {
			isa = PBXGroup;
			children = (
				0C3C36A22811AAE600A28F2A /* ProfilePhotoCollection */,
				0C3C36A02811A81900A28F2A /* ProfileViewController.swift */,
			);
			path = Profile;
			sourceTree = "<group>";
		};
		0C3C36A22811AAE600A28F2A /* ProfilePhotoCollection */ = {
			isa = PBXGroup;
			children = (
				0C3C36A52811AB2400A28F2A /* ImagesCollectionViewCell.swift */,
				0C3C36A72811AB3C00A28F2A /* ImagesModelCell.swift */,
				0C3C36A92811ACBA00A28F2A /* ImagesCollectionView.swift */,
			);
			path = ProfilePhotoCollection;
			sourceTree = "<group>";
		};
		0C4EEDE9280F3BA700FC3DD4 /* Login */ = {
			isa = PBXGroup;
			children = (
				0CD92BC828088F49009B8DA8 /* MainController.swift */,
				0C8B3F83280C948400F27C11 /* LoginViewController.swift */,
				0C4EEDE7280F33B400FC3DD4 /* LoginModel.swift */,
				0C4EEDEA280F3DAA00FC3DD4 /* LoginView.swift */,
			);
			path = Login;
			sourceTree = "<group>";
		};
		0C65F743281079630086878F /* Home */ = {
			isa = PBXGroup;
			children = (
				0C65F745281088C00086878F /* BottomCollection */,
				0C65F744281088B30086878F /* TopCollection */,
				0CC45271281044E300532422 /* HomeViewController.swift */,
			);
			path = Home;
			sourceTree = "<group>";
		};
		0C65F744281088B30086878F /* TopCollection */ = {
			isa = PBXGroup;
			children = (
				0CC4526B2810443400532422 /* HomeCollectionView.swift */,
				0CC4526D2810447800532422 /* HomeCollectionViewCell.swift */,
				0CC4526F2810449200532422 /* HomeCellModel.swift */,
			);
			path = TopCollection;
			sourceTree = "<group>";
		};
		0C65F745281088C00086878F /* BottomCollection */ = {
			isa = PBXGroup;
			children = (
				0C65F746281088F10086878F /* BottomCollectionView.swift */,
				0C65F748281089030086878F /* BottomCollectionViewCell.swift */,
				0C65F74A281089190086878F /* BottomCellModel.swift */,
			);
			path = BottomCollection;
			sourceTree = "<group>";
		};
		0C8B3F85280C98FA00F27C11 /* ViewControllers */ = {
			isa = PBXGroup;
			children = (
			);
			path = ViewControllers;
			sourceTree = "<group>";
		};
		0CD92BB828088F49009B8DA8 = {
			isa = PBXGroup;
			children = (
				0CD92BC328088F49009B8DA8 /* RelaxApp */,
				0CD92BC228088F49009B8DA8 /* Products */,
			);
			sourceTree = "<group>";
		};
		0CD92BC228088F49009B8DA8 /* Products */ = {
			isa = PBXGroup;
			children = (
				0CD92BC128088F49009B8DA8 /* RelaxApp.app */,
			);
			name = Products;
			sourceTree = "<group>";
		};
		0CD92BC328088F49009B8DA8 /* RelaxApp */ = {
			isa = PBXGroup;
			children = (
				0C3C369F2811A80100A28F2A /* Profile */,
				0C65F743281079630086878F /* Home */,
				0C4EEDE9280F3BA700FC3DD4 /* Login */,
				0C8B3F85280C98FA00F27C11 /* ViewControllers */,
				0CD92BC428088F49009B8DA8 /* AppDelegate.swift */,
				0CD92BC628088F49009B8DA8 /* SceneDelegate.swift */,
				0CD92BCA28088F49009B8DA8 /* Main.storyboard */,
				0CD92BCD28088F4A009B8DA8 /* Assets.xcassets */,
				0CD92BCF28088F4A009B8DA8 /* LaunchScreen.storyboard */,
				0CD92BD228088F4A009B8DA8 /* Info.plist */,
				0C9D78A52816F7B000BE38E2 /* TabBarViewController.swift */,
			);
			path = RelaxApp;
			sourceTree = "<group>";
		};
/* End PBXGroup section */

/* Begin PBXNativeTarget section */
		0CD92BC028088F49009B8DA8 /* RelaxApp */ = {
			isa = PBXNativeTarget;
			buildConfigurationList = 0CD92BD528088F4A009B8DA8 /* Build configuration list for PBXNativeTarget "RelaxApp" */;
			buildPhases = (
				0CD92BBD28088F49009B8DA8 /* Sources */,
				0CD92BBE28088F49009B8DA8 /* Frameworks */,
				0CD92BBF28088F49009B8DA8 /* Resources */,
			);
			buildRules = (
			);
			dependencies = (
			);
			name = RelaxApp;
			productName = RelaxApp;
			productReference = 0CD92BC128088F49009B8DA8 /* RelaxApp.app */;
			productType = "com.apple.product-type.application";
		};
/* End PBXNativeTarget section */

/* Begin PBXProject section */
		0CD92BB928088F49009B8DA8 /* Project object */ = {
			isa = PBXProject;
			attributes = {
				BuildIndependentTargetsInParallel = 1;
				LastSwiftUpdateCheck = 1330;
				LastUpgradeCheck = 1330;
				TargetAttributes = {
					0CD92BC028088F49009B8DA8 = {
						CreatedOnToolsVersion = 13.3.1;
					};
				};
			};
			buildConfigurationList = 0CD92BBC28088F49009B8DA8 /* Build configuration list for PBXProject "RelaxApp" */;
			compatibilityVersion = "Xcode 13.0";
			developmentRegion = en;
			hasScannedForEncodings = 0;
			knownRegions = (
				en,
				Base,
			);
			mainGroup = 0CD92BB828088F49009B8DA8;
			productRefGroup = 0CD92BC228088F49009B8DA8 /* Products */;
			projectDirPath = "";
			projectRoot = "";
			targets = (
				0CD92BC028088F49009B8DA8 /* RelaxApp */,
			);
		};
/* End PBXProject section */

/* Begin PBXResourcesBuildPhase section */
		0CD92BBF28088F49009B8DA8 /* Resources */ = {
			isa = PBXResourcesBuildPhase;
			buildActionMask = 2147483647;
			files = (
				0CD92BD128088F4A009B8DA8 /* LaunchScreen.storyboard in Resources */,
				0CD92BCE28088F4A009B8DA8 /* Assets.xcassets in Resources */,
				0CD92BCC28088F49009B8DA8 /* Main.storyboard in Resources */,
			);
			runOnlyForDeploymentPostprocessing = 0;
		};
/* End PBXResourcesBuildPhase section */

/* Begin PBXSourcesBuildPhase section */
		0CD92BBD28088F49009B8DA8 /* Sources */ = {
			isa = PBXSourcesBuildPhase;
			buildActionMask = 2147483647;
			files = (
				0CC4526C2810443400532422 /* HomeCollectionView.swift in Sources */,
				0C4EEDEB280F3DAA00FC3DD4 /* LoginView.swift in Sources */,
				0C3C36AA2811ACBA00A28F2A /* ImagesCollectionView.swift in Sources */,
				0C8B3F84280C948400F27C11 /* LoginViewController.swift in Sources */,
				0C9D78A62816F7B000BE38E2 /* TabBarViewController.swift in Sources */,
				0CD92BC928088F49009B8DA8 /* MainController.swift in Sources */,
				0C3C36A12811A81900A28F2A /* ProfileViewController.swift in Sources */,
				0C4EEDE8280F33B400FC3DD4 /* LoginModel.swift in Sources */,
				0C3C36A62811AB2400A28F2A /* ImagesCollectionViewCell.swift in Sources */,
				0CC45272281044E300532422 /* HomeViewController.swift in Sources */,
				0C65F74B281089190086878F /* BottomCellModel.swift in Sources */,
				0CC452702810449200532422 /* HomeCellModel.swift in Sources */,
				0CD92BC528088F49009B8DA8 /* AppDelegate.swift in Sources */,
				0C65F747281088F10086878F /* BottomCollectionView.swift in Sources */,
				0C65F749281089030086878F /* BottomCollectionViewCell.swift in Sources */,
				0C3C36A82811AB3C00A28F2A /* ImagesModelCell.swift in Sources */,
				0CD92BC728088F49009B8DA8 /* SceneDelegate.swift in Sources */,
				0CC4526E2810447800532422 /* HomeCollectionViewCell.swift in Sources */,
			);
			runOnlyForDeploymentPostprocessing = 0;
		};
/* End PBXSourcesBuildPhase section */

/* Begin PBXVariantGroup section */
		0CD92BCA28088F49009B8DA8 /* Main.storyboard */ = {
			isa = PBXVariantGroup;
			children = (
				0CD92BCB28088F49009B8DA8 /* Base */,
			);
			name = Main.storyboard;
			sourceTree = "<group>";
		};
		0CD92BCF28088F4A009B8DA8 /* LaunchScreen.storyboard */ = {
			isa = PBXVariantGroup;
			children = (
				0CD92BD028088F4A009B8DA8 /* Base */,
			);
			name = LaunchScreen.storyboard;
			sourceTree = "<group>";
		};
/* End PBXVariantGroup section */

/* Begin XCBuildConfiguration section */
		0CD92BD328088F4A009B8DA8 /* Debug */ = {
			isa = XCBuildConfiguration;
			buildSettings = {
				ALWAYS_SEARCH_USER_PATHS = NO;
				CLANG_ANALYZER_NONNULL = YES;
				CLANG_ANALYZER_NUMBER_OBJECT_CONVERSION = YES_AGGRESSIVE;
				CLANG_CXX_LANGUAGE_STANDARD = "gnu++17";
				CLANG_ENABLE_MODULES = YES;
				CLANG_ENABLE_OBJC_ARC = YES;
				CLANG_ENABLE_OBJC_WEAK = YES;
				CLANG_WARN_BLOCK_CAPTURE_AUTORELEASING = YES;
				CLANG_WARN_BOOL_CONVERSION = YES;
				CLANG_WARN_COMMA = YES;
				CLANG_WARN_CONSTANT_CONVERSION = YES;
				CLANG_WARN_DEPRECATED_OBJC_IMPLEMENTATIONS = YES;
				CLANG_WARN_DIRECT_OBJC_ISA_USAGE = YES_ERROR;
				CLANG_WARN_DOCUMENTATION_COMMENTS = YES;
				CLANG_WARN_EMPTY_BODY = YES;
				CLANG_WARN_ENUM_CONVERSION = YES;
				CLANG_WARN_INFINITE_RECURSION = YES;
				CLANG_WARN_INT_CONVERSION = YES;
				CLANG_WARN_NON_LITERAL_NULL_CONVERSION = YES;
				CLANG_WARN_OBJC_IMPLICIT_RETAIN_SELF = YES;
				CLANG_WARN_OBJC_LITERAL_CONVERSION = YES;
				CLANG_WARN_OBJC_ROOT_CLASS = YES_ERROR;
				CLANG_WARN_QUOTED_INCLUDE_IN_FRAMEWORK_HEADER = YES;
				CLANG_WARN_RANGE_LOOP_ANALYSIS = YES;
				CLANG_WARN_STRICT_PROTOTYPES = YES;
				CLANG_WARN_SUSPICIOUS_MOVE = YES;
				CLANG_WARN_UNGUARDED_AVAILABILITY = YES_AGGRESSIVE;
				CLANG_WARN_UNREACHABLE_CODE = YES;
				CLANG_WARN__DUPLICATE_METHOD_MATCH = YES;
				COPY_PHASE_STRIP = NO;
				DEBUG_INFORMATION_FORMAT = dwarf;
				ENABLE_STRICT_OBJC_MSGSEND = YES;
				ENABLE_TESTABILITY = YES;
				GCC_C_LANGUAGE_STANDARD = gnu11;
				GCC_DYNAMIC_NO_PIC = NO;
				GCC_NO_COMMON_BLOCKS = YES;
				GCC_OPTIMIZATION_LEVEL = 0;
				GCC_PREPROCESSOR_DEFINITIONS = (
					"DEBUG=1",
					"$(inherited)",
				);
				GCC_WARN_64_TO_32_BIT_CONVERSION = YES;
				GCC_WARN_ABOUT_RETURN_TYPE = YES_ERROR;
				GCC_WARN_UNDECLARED_SELECTOR = YES;
				GCC_WARN_UNINITIALIZED_AUTOS = YES_AGGRESSIVE;
				GCC_WARN_UNUSED_FUNCTION = YES;
				GCC_WARN_UNUSED_VARIABLE = YES;
				IPHONEOS_DEPLOYMENT_TARGET = 15.4;
				MTL_ENABLE_DEBUG_INFO = INCLUDE_SOURCE;
				MTL_FAST_MATH = YES;
				ONLY_ACTIVE_ARCH = YES;
				SDKROOT = iphoneos;
				SWIFT_ACTIVE_COMPILATION_CONDITIONS = DEBUG;
				SWIFT_OPTIMIZATION_LEVEL = "-Onone";
			};
			name = Debug;
		};
		0CD92BD428088F4A009B8DA8 /* Release */ = {
			isa = XCBuildConfiguration;
			buildSettings = {
				ALWAYS_SEARCH_USER_PATHS = NO;
				CLANG_ANALYZER_NONNULL = YES;
				CLANG_ANALYZER_NUMBER_OBJECT_CONVERSION = YES_AGGRESSIVE;
				CLANG_CXX_LANGUAGE_STANDARD = "gnu++17";
				CLANG_ENABLE_MODULES = YES;
				CLANG_ENABLE_OBJC_ARC = YES;
				CLANG_ENABLE_OBJC_WEAK = YES;
				CLANG_WARN_BLOCK_CAPTURE_AUTORELEASING = YES;
				CLANG_WARN_BOOL_CONVERSION = YES;
				CLANG_WARN_COMMA = YES;
				CLANG_WARN_CONSTANT_CONVERSION = YES;
				CLANG_WARN_DEPRECATED_OBJC_IMPLEMENTATIONS = YES;
				CLANG_WARN_DIRECT_OBJC_ISA_USAGE = YES_ERROR;
				CLANG_WARN_DOCUMENTATION_COMMENTS = YES;
				CLANG_WARN_EMPTY_BODY = YES;
				CLANG_WARN_ENUM_CONVERSION = YES;
				CLANG_WARN_INFINITE_RECURSION = YES;
				CLANG_WARN_INT_CONVERSION = YES;
				CLANG_WARN_NON_LITERAL_NULL_CONVERSION = YES;
				CLANG_WARN_OBJC_IMPLICIT_RETAIN_SELF = YES;
				CLANG_WARN_OBJC_LITERAL_CONVERSION = YES;
				CLANG_WARN_OBJC_ROOT_CLASS = YES_ERROR;
				CLANG_WARN_QUOTED_INCLUDE_IN_FRAMEWORK_HEADER = YES;
				CLANG_WARN_RANGE_LOOP_ANALYSIS = YES;
				CLANG_WARN_STRICT_PROTOTYPES = YES;
				CLANG_WARN_SUSPICIOUS_MOVE = YES;
				CLANG_WARN_UNGUARDED_AVAILABILITY = YES_AGGRESSIVE;
				CLANG_WARN_UNREACHABLE_CODE = YES;
				CLANG_WARN__DUPLICATE_METHOD_MATCH = YES;
				COPY_PHASE_STRIP = NO;
				DEBUG_INFORMATION_FORMAT = "dwarf-with-dsym";
				ENABLE_NS_ASSERTIONS = NO;
				ENABLE_STRICT_OBJC_MSGSEND = YES;
				GCC_C_LANGUAGE_STANDARD = gnu11;
				GCC_NO_COMMON_BLOCKS = YES;
				GCC_WARN_64_TO_32_BIT_CONVERSION = YES;
				GCC_WARN_ABOUT_RETURN_TYPE = YES_ERROR;
				GCC_WARN_UNDECLARED_SELECTOR = YES;
				GCC_WARN_UNINITIALIZED_AUTOS = YES_AGGRESSIVE;
				GCC_WARN_UNUSED_FUNCTION = YES;
				GCC_WARN_UNUSED_VARIABLE = YES;
				IPHONEOS_DEPLOYMENT_TARGET = 15.4;
				MTL_ENABLE_DEBUG_INFO = NO;
				MTL_FAST_MATH = YES;
				SDKROOT = iphoneos;
				SWIFT_COMPILATION_MODE = wholemodule;
				SWIFT_OPTIMIZATION_LEVEL = "-O";
				VALIDATE_PRODUCT = YES;
			};
			name = Release;
		};
		0CD92BD628088F4A009B8DA8 /* Debug */ = {
			isa = XCBuildConfiguration;
			buildSettings = {
				ASSETCATALOG_COMPILER_APPICON_NAME = AppIcon;
				ASSETCATALOG_COMPILER_GLOBAL_ACCENT_COLOR_NAME = AccentColor;
				CODE_SIGN_STYLE = Automatic;
				CURRENT_PROJECT_VERSION = 1;
				DEVELOPMENT_TEAM = KGC2LK2A4G;
				GENERATE_INFOPLIST_FILE = YES;
				INFOPLIST_FILE = RelaxApp/Info.plist;
				INFOPLIST_KEY_UIApplicationSupportsIndirectInputEvents = YES;
				INFOPLIST_KEY_UILaunchStoryboardName = LaunchScreen;
				INFOPLIST_KEY_UIMainStoryboardFile = Main;
				INFOPLIST_KEY_UISupportedInterfaceOrientations_iPad = "UIInterfaceOrientationPortrait UIInterfaceOrientationPortraitUpsideDown UIInterfaceOrientationLandscapeLeft UIInterfaceOrientationLandscapeRight";
				INFOPLIST_KEY_UISupportedInterfaceOrientations_iPhone = "UIInterfaceOrientationPortrait UIInterfaceOrientationLandscapeLeft UIInterfaceOrientationLandscapeRight";
				LD_RUNPATH_SEARCH_PATHS = (
					"$(inherited)",
					"@executable_path/Frameworks",
				);
				MARKETING_VERSION = 1.0;
				PRODUCT_BUNDLE_IDENTIFIER = villory.RelaxApp;
				PRODUCT_NAME = "$(TARGET_NAME)";
				SWIFT_EMIT_LOC_STRINGS = YES;
				SWIFT_VERSION = 5.0;
				TARGETED_DEVICE_FAMILY = "1,2";
			};
			name = Debug;
		};
		0CD92BD728088F4A009B8DA8 /* Release */ = {
			isa = XCBuildConfiguration;
			buildSettings = {
				ASSETCATALOG_COMPILER_APPICON_NAME = AppIcon;
				ASSETCATALOG_COMPILER_GLOBAL_ACCENT_COLOR_NAME = AccentColor;
				CODE_SIGN_STYLE = Automatic;
				CURRENT_PROJECT_VERSION = 1;
				DEVELOPMENT_TEAM = KGC2LK2A4G;
				GENERATE_INFOPLIST_FILE = YES;
				INFOPLIST_FILE = RelaxApp/Info.plist;
				INFOPLIST_KEY_UIApplicationSupportsIndirectInputEvents = YES;
				INFOPLIST_KEY_UILaunchStoryboardName = LaunchScreen;
				INFOPLIST_KEY_UIMainStoryboardFile = Main;
				INFOPLIST_KEY_UISupportedInterfaceOrientations_iPad = "UIInterfaceOrientationPortrait UIInterfaceOrientationPortraitUpsideDown UIInterfaceOrientationLandscapeLeft UIInterfaceOrientationLandscapeRight";
				INFOPLIST_KEY_UISupportedInterfaceOrientations_iPhone = "UIInterfaceOrientationPortrait UIInterfaceOrientationLandscapeLeft UIInterfaceOrientationLandscapeRight";
				LD_RUNPATH_SEARCH_PATHS = (
					"$(inherited)",
					"@executable_path/Frameworks",
				);
				MARKETING_VERSION = 1.0;
				PRODUCT_BUNDLE_IDENTIFIER = villory.RelaxApp;
				PRODUCT_NAME = "$(TARGET_NAME)";
				SWIFT_EMIT_LOC_STRINGS = YES;
				SWIFT_VERSION = 5.0;
				TARGETED_DEVICE_FAMILY = "1,2";
			};
			name = Release;
		};
/* End XCBuildConfiguration section */

/* Begin XCConfigurationList section */
		0CD92BBC28088F49009B8DA8 /* Build configuration list for PBXProject "RelaxApp" */ = {
			isa = XCConfigurationList;
			buildConfigurations = (
				0CD92BD328088F4A009B8DA8 /* Debug */,
				0CD92BD428088F4A009B8DA8 /* Release */,
			);
			defaultConfigurationIsVisible = 0;
			defaultConfigurationName = Release;
		};
		0CD92BD528088F4A009B8DA8 /* Build configuration list for PBXNativeTarget "RelaxApp" */ = {
			isa = XCConfigurationList;
			buildConfigurations = (
				0CD92BD628088F4A009B8DA8 /* Debug */,
				0CD92BD728088F4A009B8DA8 /* Release */,
			);
			defaultConfigurationIsVisible = 0;
			defaultConfigurationName = Release;
		};
/* End XCConfigurationList section */
	};
	rootObject = 0CD92BB928088F49009B8DA8 /* Project object */;
}
